
Microsoft Visual Studio Solution File, Format Version 12.00
# Visual Studio Version 17
VisualStudioVersion = 17.14.36401.2 d17.14
MinimumVisualStudioVersion = 10.0.40219.1
Project("{FAE04EC0-301F-11D3-BF4B-00C04F79EFBC}") = "RabbitContracts", "RabbitContracts\RabbitContracts.csproj", "{7C03DD3A-D74F-45E1-BFDE-64FD34922CFC}"
EndProject
Global
	GlobalSection(SolutionConfigurationPlatforms) = preSolution
		Debug|Any CPU = Debug|Any CPU
		Release|Any CPU = Release|Any CPU
	EndGlobalSection
	GlobalSection(ProjectConfigurationPlatforms) = postSolution
		{7C03DD3A-D74F-45E1-BFDE-64FD34922CFC}.Debug|Any CPU.ActiveCfg = Debug|Any CPU
		{7C03DD3A-D74F-45E1-BFDE-64FD34922CFC}.Debug|Any CPU.Build.0 = Debug|Any CPU
		{7C03DD3A-D74F-45E1-BFDE-64FD34922CFC}.Release|Any CPU.ActiveCfg = Release|Any CPU
		{7C03DD3A-D74F-45E1-BFDE-64FD34922CFC}.Release|Any CPU.Build.0 = Release|Any CPU
	EndGlobalSection
	GlobalSection(SolutionProperties) = preSolution
		HideSolutionNode = FALSE
	EndGlobalSection
	GlobalSection(ExtensibilityGlobals) = postSolution
		SolutionGuid = {A1ED8FD5-BC95-453E-A1BD-692CB57ECC70}
	EndGlobalSection
EndGlobal
